
Microsoft Visual Studio Solution File, Format Version 12.00
# Visual Studio Version 17
VisualStudioVersion = 17.6.33815.320
MinimumVisualStudioVersion = 10.0.40219.1
Project("{FAE04EC0-301F-11D3-BF4B-00C04F79EFBC}") = "Dapper.API_Clean_Architecture_Repository", "Dapper.API_Clean_Architecture_Repository\Dapper.API_Clean_Architecture_Repository.csproj", "{2D3749F8-B63D-4935-ADF1-ADCA2B6BE180}"
EndProject
Project("{FAE04EC0-301F-11D3-BF4B-00C04F79EFBC}") = "Dapper.Core", "Dapper.Core\Dapper.Core.csproj", "{FE79B978-2D23-4154-A0D8-CC09D0181E2B}"
EndProject
Project("{FAE04EC0-301F-11D3-BF4B-00C04F79EFBC}") = "Dapper.Application", "Dapper.Application\Dapper.Application.csproj", "{C14016F7-617A-4A52-87B3-40040CDE8072}"
EndProject
Project("{FAE04EC0-301F-11D3-BF4B-00C04F79EFBC}") = "Dapper.Logging", "Dapper.Logging\Dapper.Logging.csproj", "{3C07F325-2EA2-416A-8F45-39352F2FFFAC}"
EndProject
Project("{FAE04EC0-301F-11D3-BF4B-00C04F79EFBC}") = "Dapper.Sql", "Dapper.Sql\Dapper.Sql.csproj", "{5120A007-BD83-47DD-B9C6-1B4B605F5B3F}"
EndProject
Project("{FAE04EC0-301F-11D3-BF4B-00C04F79EFBC}") = "Dapper.Infrastructure", "Dapper.Infrastructure\Dapper.Infrastructure.csproj", "{507EBA50-E27E-4F5F-80BA-4563C2F5E67E}"
EndProject
Global
	GlobalSection(SolutionConfigurationPlatforms) = preSolution
		Debug|Any CPU = Debug|Any CPU
		Release|Any CPU = Release|Any CPU
	EndGlobalSection
	GlobalSection(ProjectConfigurationPlatforms) = postSolution
		{2D3749F8-B63D-4935-ADF1-ADCA2B6BE180}.Debug|Any CPU.ActiveCfg = Debug|Any CPU
		{2D3749F8-B63D-4935-ADF1-ADCA2B6BE180}.Debug|Any CPU.Build.0 = Debug|Any CPU
		{2D3749F8-B63D-4935-ADF1-ADCA2B6BE180}.Release|Any CPU.ActiveCfg = Release|Any CPU
		{2D3749F8-B63D-4935-ADF1-ADCA2B6BE180}.Release|Any CPU.Build.0 = Release|Any CPU
		{FE79B978-2D23-4154-A0D8-CC09D0181E2B}.Debug|Any CPU.ActiveCfg = Debug|Any CPU
		{FE79B978-2D23-4154-A0D8-CC09D0181E2B}.Debug|Any CPU.Build.0 = Debug|Any CPU
		{FE79B978-2D23-4154-A0D8-CC09D0181E2B}.Release|Any CPU.ActiveCfg = Release|Any CPU
		{FE79B978-2D23-4154-A0D8-CC09D0181E2B}.Release|Any CPU.Build.0 = Release|Any CPU
		{C14016F7-617A-4A52-87B3-40040CDE8072}.Debug|Any CPU.ActiveCfg = Debug|Any CPU
		{C14016F7-617A-4A52-87B3-40040CDE8072}.Debug|Any CPU.Build.0 = Debug|Any CPU
		{C14016F7-617A-4A52-87B3-40040CDE8072}.Release|Any CPU.ActiveCfg = Release|Any CPU
		{C14016F7-617A-4A52-87B3-40040CDE8072}.Release|Any CPU.Build.0 = Release|Any CPU
		{3C07F325-2EA2-416A-8F45-39352F2FFFAC}.Debug|Any CPU.ActiveCfg = Debug|Any CPU
		{3C07F325-2EA2-416A-8F45-39352F2FFFAC}.Debug|Any CPU.Build.0 = Debug|Any CPU
		{3C07F325-2EA2-416A-8F45-39352F2FFFAC}.Release|Any CPU.ActiveCfg = Release|Any CPU
		{3C07F325-2EA2-416A-8F45-39352F2FFFAC}.Release|Any CPU.Build.0 = Release|Any CPU
		{5120A007-BD83-47DD-B9C6-1B4B605F5B3F}.Debug|Any CPU.ActiveCfg = Debug|Any CPU
		{5120A007-BD83-47DD-B9C6-1B4B605F5B3F}.Debug|Any CPU.Build.0 = Debug|Any CPU
		{5120A007-BD83-47DD-B9C6-1B4B605F5B3F}.Release|Any CPU.ActiveCfg = Release|Any CPU
		{5120A007-BD83-47DD-B9C6-1B4B605F5B3F}.Release|Any CPU.Build.0 = Release|Any CPU
		{507EBA50-E27E-4F5F-80BA-4563C2F5E67E}.Debug|Any CPU.ActiveCfg = Debug|Any CPU
		{507EBA50-E27E-4F5F-80BA-4563C2F5E67E}.Debug|Any CPU.Build.0 = Debug|Any CPU
		{507EBA50-E27E-4F5F-80BA-4563C2F5E67E}.Release|Any CPU.ActiveCfg = Release|Any CPU
		{507EBA50-E27E-4F5F-80BA-4563C2F5E67E}.Release|Any CPU.Build.0 = Release|Any CPU
	EndGlobalSection
	GlobalSection(SolutionProperties) = preSolution
		HideSolutionNode = FALSE
	EndGlobalSection
	GlobalSection(ExtensibilityGlobals) = postSolution
		SolutionGuid = {CF1F8615-3836-4E3F-81C5-57BD56C4A2D4}
	EndGlobalSection
EndGlobal
